
Microsoft Visual Studio Solution File, Format Version 12.00
# Visual Studio Version 17
VisualStudioVersion = 17.11.35312.102
MinimumVisualStudioVersion = 10.0.40219.1
Project("{FAE04EC0-301F-11D3-BF4B-00C04F79EFBC}") = "Project", "Project\Project.csproj", "{91D095E1-4147-45EF-ACF4-F365A261FD94}"
EndProject
Project("{FAE04EC0-301F-11D3-BF4B-00C04F79EFBC}") = "DAL", "DAL\DAL.csproj", "{67C49BED-762E-4705-A782-2C1B8B95B121}"
EndProject
Project("{FAE04EC0-301F-11D3-BF4B-00C04F79EFBC}") = "BL", "BL\BL.csproj", "{7414DEF7-F7E8-42E1-9227-B0720D95369E}"
EndProject
Global
	GlobalSection(SolutionConfigurationPlatforms) = preSolution
		Debug|Any CPU = Debug|Any CPU
		Release|Any CPU = Release|Any CPU
	EndGlobalSection
	GlobalSection(ProjectConfigurationPlatforms) = postSolution
		{91D095E1-4147-45EF-ACF4-F365A261FD94}.Debug|Any CPU.ActiveCfg = Debug|Any CPU
		{91D095E1-4147-45EF-ACF4-F365A261FD94}.Debug|Any CPU.Build.0 = Debug|Any CPU
		{91D095E1-4147-45EF-ACF4-F365A261FD94}.Release|Any CPU.ActiveCfg = Release|Any CPU
		{91D095E1-4147-45EF-ACF4-F365A261FD94}.Release|Any CPU.Build.0 = Release|Any CPU
		{67C49BED-762E-4705-A782-2C1B8B95B121}.Debug|Any CPU.ActiveCfg = Debug|Any CPU
		{67C49BED-762E-4705-A782-2C1B8B95B121}.Debug|Any CPU.Build.0 = Debug|Any CPU
		{67C49BED-762E-4705-A782-2C1B8B95B121}.Release|Any CPU.ActiveCfg = Release|Any CPU
		{67C49BED-762E-4705-A782-2C1B8B95B121}.Release|Any CPU.Build.0 = Release|Any CPU
		{7414DEF7-F7E8-42E1-9227-B0720D95369E}.Debug|Any CPU.ActiveCfg = Debug|Any CPU
		{7414DEF7-F7E8-42E1-9227-B0720D95369E}.Debug|Any CPU.Build.0 = Debug|Any CPU
		{7414DEF7-F7E8-42E1-9227-B0720D95369E}.Release|Any CPU.ActiveCfg = Release|Any CPU
		{7414DEF7-F7E8-42E1-9227-B0720D95369E}.Release|Any CPU.Build.0 = Release|Any CPU
	EndGlobalSection
	GlobalSection(SolutionProperties) = preSolution
		HideSolutionNode = FALSE
	EndGlobalSection
	GlobalSection(ExtensibilityGlobals) = postSolution
		SolutionGuid = {5CB1A012-D303-4703-88F4-EED58D14DAC1}
	EndGlobalSection
EndGlobal
